{
  "requires": true,
  "lockfileVersion": 1,
  "dependencies": {
    "@terraformer/arcgis": {
      "version": "2.0.7",
      "resolved": "https://registry.npmjs.org/@terraformer/arcgis/-/arcgis-2.0.7.tgz",
      "integrity": "sha512-7jIQcnd8RnKsDt1IxmEjq9t7l5fnf0e5c+c1+1GjG4NR+TY0XkJcWtrBv0DWd65uAlDiQYMlEG8ls5dz1GQiuA==",
      "requires": {
        "@terraformer/common": "^2.0.7"
      }
    },
    "@terraformer/common": {
      "version": "2.0.7",
      "resolved": "https://registry.npmjs.org/@terraformer/common/-/common-2.0.7.tgz",
      "integrity": "sha512-8bl+/JT0Rw6FYe2H3FfJS8uQwgzGl+UHs+8JX0TQLHgA4sMDEwObbMwo0iP3FVONwPXrPHEpC5YH7Grve0cl9A=="
    },
    "esri-leaflet": {
      "version": "2.5.3",
      "resolved": "https://registry.npmjs.org/esri-leaflet/-/esri-leaflet-2.5.3.tgz",
      "integrity": "sha512-zapunrhhhKyiVP5NCSfFjD7YqWYYYD3OONVjBFWZgX2KbD6ssUQ3KnXVo2U0hswWfJDIoHF7g9PLZ4rDNuQnvA==",
      "requires": {
        "@terraformer/arcgis": "^2.0.7",
        "tiny-binary-search": "^1.0.3"
      }
    },
    "esri-leaflet-geocoder": {
      "version": "3.0.0",
      "resolved": "https://registry.npmjs.org/esri-leaflet-geocoder/-/esri-leaflet-geocoder-3.0.0.tgz",
      "integrity": "sha512-cj441K8XSzvoO8oXH2awDk/o/jYW+Woku/WXpusFGqUNKNkXH6m2kV4/VAF69bGHIo1Yqq4D8QlFihfCaEI2yA==",
      "requires": {
        "esri-leaflet": "^2.1.4",
        "leaflet": "^1.0.0"
      }
    },
    "leaflet": {
      "version": "1.7.1",
      "resolved": "https://registry.npmjs.org/leaflet/-/leaflet-1.7.1.tgz",
      "integrity": "sha512-/xwPEBidtg69Q3HlqPdU3DnrXQOvQU/CCHA1tcDQVzOwm91YMYaILjNp7L4Eaw5Z4sOYdbBz6koWyibppd8Zqw=="
    },
    "leaflet-search": {
      "version": "2.9.9",
      "resolved": "https://registry.npmjs.org/leaflet-search/-/leaflet-search-2.9.9.tgz",
      "integrity": "sha512-sGPjkMz9gQP+CKrY0G/RjQFWHdt1/KDJQiouv1dWogtN66rcE/aPR/DOduCXM3Um+VgsAmr5+jRQ0iK3Fs9I8A==",
      "requires": {
        "leaflet": "*"
      }
    },
    "tiny-binary-search": {
      "version": "1.0.3",
      "resolved": "https://registry.npmjs.org/tiny-binary-search/-/tiny-binary-search-1.0.3.tgz",
      "integrity": "sha512-STSHX/L5nI9WTLv6wrzJbAPbO7OIISX83KFBh2GVbX1Uz/vgZOU/ANn/8iV6t35yMTpoPzzO+3OQid3mifE0CA=="
    }
  }
}
